// !$*UTF8*$!
{
	archiveVersion = 1;
	classes = {
	};
	objectVersion = 55;
	objects = {

/* Begin PBXBuildFile section */
		3A69072EEBAB5C4BE267F564 /* Pods_Instagram.framework in Frameworks */ = {isa = PBXBuildFile; fileRef = F772A067F0BCE3272D6FED89 /* Pods_Instagram.framework */; };
		A15602F6268A019A89BB1F34 /* Pods_Instagram_InstagramUITests.framework in Frameworks */ = {isa = PBXBuildFile; fileRef = D91169950D3C7DD7984FD75F /* Pods_Instagram_InstagramUITests.framework */; };
		CD8829D0286A2FD900646DE5 /* AppDelegate.m in Sources */ = {isa = PBXBuildFile; fileRef = CD8829CF286A2FD900646DE5 /* AppDelegate.m */; };
		CD8829D3286A2FD900646DE5 /* SceneDelegate.m in Sources */ = {isa = PBXBuildFile; fileRef = CD8829D2286A2FD900646DE5 /* SceneDelegate.m */; };
		CD8829D9286A2FD900646DE5 /* Main.storyboard in Resources */ = {isa = PBXBuildFile; fileRef = CD8829D7286A2FD900646DE5 /* Main.storyboard */; };
		CD8829DB286A2FD900646DE5 /* Assets.xcassets in Resources */ = {isa = PBXBuildFile; fileRef = CD8829DA286A2FD900646DE5 /* Assets.xcassets */; };
		CD8829DE286A2FD900646DE5 /* LaunchScreen.storyboard in Resources */ = {isa = PBXBuildFile; fileRef = CD8829DC286A2FD900646DE5 /* LaunchScreen.storyboard */; };
		CD8829E1286A2FD900646DE5 /* main.m in Sources */ = {isa = PBXBuildFile; fileRef = CD8829E0286A2FD900646DE5 /* main.m */; };
		CD8829EB286A2FDA00646DE5 /* InstagramTests.m in Sources */ = {isa = PBXBuildFile; fileRef = CD8829EA286A2FDA00646DE5 /* InstagramTests.m */; };
		CD8829F5286A2FDA00646DE5 /* InstagramUITests.m in Sources */ = {isa = PBXBuildFile; fileRef = CD8829F4286A2FDA00646DE5 /* InstagramUITests.m */; };
		CD8829F7286A2FDA00646DE5 /* InstagramUITestsLaunchTests.m in Sources */ = {isa = PBXBuildFile; fileRef = CD8829F6286A2FDA00646DE5 /* InstagramUITestsLaunchTests.m */; };
		CD882A06286A475800646DE5 /* Keys.plist in Resources */ = {isa = PBXBuildFile; fileRef = CD882A05286A475800646DE5 /* Keys.plist */; };
		CD882A0A286A4B2E00646DE5 /* LoginViewController.m in Sources */ = {isa = PBXBuildFile; fileRef = CD882A09286A4B2E00646DE5 /* LoginViewController.m */; };
		CDFB5333286A50DA00964714 /* HomeViewController.m in Sources */ = {isa = PBXBuildFile; fileRef = CDFB5332286A50DA00964714 /* HomeViewController.m */; };
		CDFB5337286A5F6800964714 /* PostCell.m in Sources */ = {isa = PBXBuildFile; fileRef = CDFB5336286A5F6800964714 /* PostCell.m */; };
		CDFB533A286A603700964714 /* ComposeViewController.m in Sources */ = {isa = PBXBuildFile; fileRef = CDFB5339286A603700964714 /* ComposeViewController.m */; };
		CDFB533E286A689200964714 /* Post.m in Sources */ = {isa = PBXBuildFile; fileRef = CDFB533D286A689200964714 /* Post.m */; };
		EE27022800ADA154985089FD /* Pods_InstagramTests.framework in Frameworks */ = {isa = PBXBuildFile; fileRef = 1E3AAC124CF8AAA34CBBAA07 /* Pods_InstagramTests.framework */; };
/* End PBXBuildFile section */

/* Begin PBXContainerItemProxy section */
		CD8829E7286A2FDA00646DE5 /* PBXContainerItemProxy */ = {
			isa = PBXContainerItemProxy;
			containerPortal = CD8829C3286A2FD900646DE5 /* Project object */;
			proxyType = 1;
			remoteGlobalIDString = CD8829CA286A2FD900646DE5;
			remoteInfo = Instagram;
		};
		CD8829F1286A2FDA00646DE5 /* PBXContainerItemProxy */ = {
			isa = PBXContainerItemProxy;
			containerPortal = CD8829C3286A2FD900646DE5 /* Project object */;
			proxyType = 1;
			remoteGlobalIDString = CD8829CA286A2FD900646DE5;
			remoteInfo = Instagram;
		};
/* End PBXContainerItemProxy section */

/* Begin PBXFileReference section */
		1E3AAC124CF8AAA34CBBAA07 /* Pods_InstagramTests.framework */ = {isa = PBXFileReference; explicitFileType = wrapper.framework; includeInIndex = 0; path = Pods_InstagramTests.framework; sourceTree = BUILT_PRODUCTS_DIR; };
		5F188090785C15B288DB0C65 /* Pods-Instagram-InstagramUITests.release.xcconfig */ = {isa = PBXFileReference; includeInIndex = 1; lastKnownFileType = text.xcconfig; name = "Pods-Instagram-InstagramUITests.release.xcconfig"; path = "Target Support Files/Pods-Instagram-InstagramUITests/Pods-Instagram-InstagramUITests.release.xcconfig"; sourceTree = "<group>"; };
		6F6D3AB69C40B8ECDADAEC6A /* Pods-InstagramTests.debug.xcconfig */ = {isa = PBXFileReference; includeInIndex = 1; lastKnownFileType = text.xcconfig; name = "Pods-InstagramTests.debug.xcconfig"; path = "Target Support Files/Pods-InstagramTests/Pods-InstagramTests.debug.xcconfig"; sourceTree = "<group>"; };
		91194FE12591AEA7EF9E7239 /* Pods-Instagram.release.xcconfig */ = {isa = PBXFileReference; includeInIndex = 1; lastKnownFileType = text.xcconfig; name = "Pods-Instagram.release.xcconfig"; path = "Target Support Files/Pods-Instagram/Pods-Instagram.release.xcconfig"; sourceTree = "<group>"; };
		9CC0655E5B3D2EB6722242DF /* Pods-Instagram-InstagramUITests.debug.xcconfig */ = {isa = PBXFileReference; includeInIndex = 1; lastKnownFileType = text.xcconfig; name = "Pods-Instagram-InstagramUITests.debug.xcconfig"; path = "Target Support Files/Pods-Instagram-InstagramUITests/Pods-Instagram-InstagramUITests.debug.xcconfig"; sourceTree = "<group>"; };
		AADF05AC92997234A80EAEE5 /* Pods-InstagramTests.release.xcconfig */ = {isa = PBXFileReference; includeInIndex = 1; lastKnownFileType = text.xcconfig; name = "Pods-InstagramTests.release.xcconfig"; path = "Target Support Files/Pods-InstagramTests/Pods-InstagramTests.release.xcconfig"; sourceTree = "<group>"; };
		C4A474605AE25CDBF4758F81 /* Pods-Instagram.debug.xcconfig */ = {isa = PBXFileReference; includeInIndex = 1; lastKnownFileType = text.xcconfig; name = "Pods-Instagram.debug.xcconfig"; path = "Target Support Files/Pods-Instagram/Pods-Instagram.debug.xcconfig"; sourceTree = "<group>"; };
		CD8829CB286A2FD900646DE5 /* Instagram.app */ = {isa = PBXFileReference; explicitFileType = wrapper.application; includeInIndex = 0; path = Instagram.app; sourceTree = BUILT_PRODUCTS_DIR; };
		CD8829CE286A2FD900646DE5 /* AppDelegate.h */ = {isa = PBXFileReference; lastKnownFileType = sourcecode.c.h; path = AppDelegate.h; sourceTree = "<group>"; };
		CD8829CF286A2FD900646DE5 /* AppDelegate.m */ = {isa = PBXFileReference; lastKnownFileType = sourcecode.c.objc; path = AppDelegate.m; sourceTree = "<group>"; };
		CD8829D1286A2FD900646DE5 /* SceneDelegate.h */ = {isa = PBXFileReference; lastKnownFileType = sourcecode.c.h; path = SceneDelegate.h; sourceTree = "<group>"; };
		CD8829D2286A2FD900646DE5 /* SceneDelegate.m */ = {isa = PBXFileReference; lastKnownFileType = sourcecode.c.objc; path = SceneDelegate.m; sourceTree = "<group>"; };
		CD8829D8286A2FD900646DE5 /* Base */ = {isa = PBXFileReference; lastKnownFileType = file.storyboard; name = Base; path = Base.lproj/Main.storyboard; sourceTree = "<group>"; };
		CD8829DA286A2FD900646DE5 /* Assets.xcassets */ = {isa = PBXFileReference; lastKnownFileType = folder.assetcatalog; path = Assets.xcassets; sourceTree = "<group>"; };
		CD8829DD286A2FD900646DE5 /* Base */ = {isa = PBXFileReference; lastKnownFileType = file.storyboard; name = Base; path = Base.lproj/LaunchScreen.storyboard; sourceTree = "<group>"; };
		CD8829DF286A2FD900646DE5 /* Info.plist */ = {isa = PBXFileReference; lastKnownFileType = text.plist.xml; path = Info.plist; sourceTree = "<group>"; };
		CD8829E0286A2FD900646DE5 /* main.m */ = {isa = PBXFileReference; lastKnownFileType = sourcecode.c.objc; path = main.m; sourceTree = "<group>"; };
		CD8829E6286A2FDA00646DE5 /* InstagramTests.xctest */ = {isa = PBXFileReference; explicitFileType = wrapper.cfbundle; includeInIndex = 0; path = InstagramTests.xctest; sourceTree = BUILT_PRODUCTS_DIR; };
		CD8829EA286A2FDA00646DE5 /* InstagramTests.m */ = {isa = PBXFileReference; lastKnownFileType = sourcecode.c.objc; path = InstagramTests.m; sourceTree = "<group>"; };
		CD8829F0286A2FDA00646DE5 /* InstagramUITests.xctest */ = {isa = PBXFileReference; explicitFileType = wrapper.cfbundle; includeInIndex = 0; path = InstagramUITests.xctest; sourceTree = BUILT_PRODUCTS_DIR; };
		CD8829F4286A2FDA00646DE5 /* InstagramUITests.m */ = {isa = PBXFileReference; lastKnownFileType = sourcecode.c.objc; path = InstagramUITests.m; sourceTree = "<group>"; };
		CD8829F6286A2FDA00646DE5 /* InstagramUITestsLaunchTests.m */ = {isa = PBXFileReference; lastKnownFileType = sourcecode.c.objc; path = InstagramUITestsLaunchTests.m; sourceTree = "<group>"; };
		CD882A05286A475800646DE5 /* Keys.plist */ = {isa = PBXFileReference; lastKnownFileType = text.plist.xml; path = Keys.plist; sourceTree = "<group>"; };
		CD882A08286A4B2E00646DE5 /* LoginViewController.h */ = {isa = PBXFileReference; lastKnownFileType = sourcecode.c.h; path = LoginViewController.h; sourceTree = "<group>"; };
		CD882A09286A4B2E00646DE5 /* LoginViewController.m */ = {isa = PBXFileReference; lastKnownFileType = sourcecode.c.objc; path = LoginViewController.m; sourceTree = "<group>"; };
		CDFB5331286A50DA00964714 /* HomeViewController.h */ = {isa = PBXFileReference; lastKnownFileType = sourcecode.c.h; path = HomeViewController.h; sourceTree = "<group>"; };
		CDFB5332286A50DA00964714 /* HomeViewController.m */ = {isa = PBXFileReference; lastKnownFileType = sourcecode.c.objc; path = HomeViewController.m; sourceTree = "<group>"; };
		CDFB5335286A5F6800964714 /* PostCell.h */ = {isa = PBXFileReference; lastKnownFileType = sourcecode.c.h; path = PostCell.h; sourceTree = "<group>"; };
		CDFB5336286A5F6800964714 /* PostCell.m */ = {isa = PBXFileReference; lastKnownFileType = sourcecode.c.objc; path = PostCell.m; sourceTree = "<group>"; };
		CDFB5338286A603700964714 /* ComposeViewController.h */ = {isa = PBXFileReference; lastKnownFileType = sourcecode.c.h; path = ComposeViewController.h; sourceTree = "<group>"; };
		CDFB5339286A603700964714 /* ComposeViewController.m */ = {isa = PBXFileReference; lastKnownFileType = sourcecode.c.objc; path = ComposeViewController.m; sourceTree = "<group>"; };
		CDFB533C286A689200964714 /* Post.h */ = {isa = PBXFileReference; lastKnownFileType = sourcecode.c.h; path = Post.h; sourceTree = "<group>"; };
		CDFB533D286A689200964714 /* Post.m */ = {isa = PBXFileReference; lastKnownFileType = sourcecode.c.objc; path = Post.m; sourceTree = "<group>"; };
		D91169950D3C7DD7984FD75F /* Pods_Instagram_InstagramUITests.framework */ = {isa = PBXFileReference; explicitFileType = wrapper.framework; includeInIndex = 0; path = Pods_Instagram_InstagramUITests.framework; sourceTree = BUILT_PRODUCTS_DIR; };
		F772A067F0BCE3272D6FED89 /* Pods_Instagram.framework */ = {isa = PBXFileReference; explicitFileType = wrapper.framework; includeInIndex = 0; path = Pods_Instagram.framework; sourceTree = BUILT_PRODUCTS_DIR; };
/* End PBXFileReference section */

/* Begin PBXFrameworksBuildPhase section */
		CD8829C8286A2FD900646DE5 /* Frameworks */ = {
			isa = PBXFrameworksBuildPhase;
			buildActionMask = 2147483647;
			files = (
				3A69072EEBAB5C4BE267F564 /* Pods_Instagram.framework in Frameworks */,
			);
			runOnlyForDeploymentPostprocessing = 0;
		};
		CD8829E3286A2FDA00646DE5 /* Frameworks */ = {
			isa = PBXFrameworksBuildPhase;
			buildActionMask = 2147483647;
			files = (
				EE27022800ADA154985089FD /* Pods_InstagramTests.framework in Frameworks */,
			);
			runOnlyForDeploymentPostprocessing = 0;
		};
		CD8829ED286A2FDA00646DE5 /* Frameworks */ = {
			isa = PBXFrameworksBuildPhase;
			buildActionMask = 2147483647;
			files = (
				A15602F6268A019A89BB1F34 /* Pods_Instagram_InstagramUITests.framework in Frameworks */,
			);
			runOnlyForDeploymentPostprocessing = 0;
		};
/* End PBXFrameworksBuildPhase section */

/* Begin PBXGroup section */
		90B83091D3712CE88CE36B77 /* Pods */ = {
			isa = PBXGroup;
			children = (
				C4A474605AE25CDBF4758F81 /* Pods-Instagram.debug.xcconfig */,
				91194FE12591AEA7EF9E7239 /* Pods-Instagram.release.xcconfig */,
				9CC0655E5B3D2EB6722242DF /* Pods-Instagram-InstagramUITests.debug.xcconfig */,
				5F188090785C15B288DB0C65 /* Pods-Instagram-InstagramUITests.release.xcconfig */,
				6F6D3AB69C40B8ECDADAEC6A /* Pods-InstagramTests.debug.xcconfig */,
				AADF05AC92997234A80EAEE5 /* Pods-InstagramTests.release.xcconfig */,
			);
			path = Pods;
			sourceTree = "<group>";
		};
		CD8829C2286A2FD900646DE5 = {
			isa = PBXGroup;
			children = (
				CD8829CD286A2FD900646DE5 /* Instagram */,
				CD8829E9286A2FDA00646DE5 /* InstagramTests */,
				CD8829F3286A2FDA00646DE5 /* InstagramUITests */,
				CD8829CC286A2FD900646DE5 /* Products */,
				90B83091D3712CE88CE36B77 /* Pods */,
				EFCFE78846572C7A07F53048 /* Frameworks */,
			);
			sourceTree = "<group>";
		};
		CD8829CC286A2FD900646DE5 /* Products */ = {
			isa = PBXGroup;
			children = (
				CD8829CB286A2FD900646DE5 /* Instagram.app */,
				CD8829E6286A2FDA00646DE5 /* InstagramTests.xctest */,
				CD8829F0286A2FDA00646DE5 /* InstagramUITests.xctest */,
			);
			name = Products;
			sourceTree = "<group>";
		};
		CD8829CD286A2FD900646DE5 /* Instagram */ = {
			isa = PBXGroup;
			children = (
				CD882A07286A4B1A00646DE5 /* View Controllers */,
				CDFB5334286A5F4C00964714 /* Views */,
				CDFB533B286A687500964714 /* Models */,
				CD8829CE286A2FD900646DE5 /* AppDelegate.h */,
				CD8829CF286A2FD900646DE5 /* AppDelegate.m */,
				CD8829D1286A2FD900646DE5 /* SceneDelegate.h */,
				CD8829D2286A2FD900646DE5 /* SceneDelegate.m */,
				CD8829D7286A2FD900646DE5 /* Main.storyboard */,
				CD8829DA286A2FD900646DE5 /* Assets.xcassets */,
				CD8829DC286A2FD900646DE5 /* LaunchScreen.storyboard */,
				CD8829DF286A2FD900646DE5 /* Info.plist */,
				CD8829E0286A2FD900646DE5 /* main.m */,
				CD882A05286A475800646DE5 /* Keys.plist */,
			);
			path = Instagram;
			sourceTree = "<group>";
		};
		CD8829E9286A2FDA00646DE5 /* InstagramTests */ = {
			isa = PBXGroup;
			children = (
				CD8829EA286A2FDA00646DE5 /* InstagramTests.m */,
			);
			path = InstagramTests;
			sourceTree = "<group>";
		};
		CD8829F3286A2FDA00646DE5 /* InstagramUITests */ = {
			isa = PBXGroup;
			children = (
				CD8829F4286A2FDA00646DE5 /* InstagramUITests.m */,
				CD8829F6286A2FDA00646DE5 /* InstagramUITestsLaunchTests.m */,
			);
			path = InstagramUITests;
			sourceTree = "<group>";
		};
		CD882A07286A4B1A00646DE5 /* View Controllers */ = {
			isa = PBXGroup;
			children = (
				CD882A08286A4B2E00646DE5 /* LoginViewController.h */,
				CD882A09286A4B2E00646DE5 /* LoginViewController.m */,
				CDFB5331286A50DA00964714 /* HomeViewController.h */,
				CDFB5332286A50DA00964714 /* HomeViewController.m */,
				CDFB5338286A603700964714 /* ComposeViewController.h */,
				CDFB5339286A603700964714 /* ComposeViewController.m */,
			);
			path = "View Controllers";
			sourceTree = "<group>";
		};
		CDFB5334286A5F4C00964714 /* Views */ = {
			isa = PBXGroup;
			children = (
				CDFB5335286A5F6800964714 /* PostCell.h */,
				CDFB5336286A5F6800964714 /* PostCell.m */,
			);
			path = Views;
			sourceTree = "<group>";
		};
		CDFB533B286A687500964714 /* Models */ = {
			isa = PBXGroup;
			children = (
				CDFB533C286A689200964714 /* Post.h */,
				CDFB533D286A689200964714 /* Post.m */,
			);
			path = Models;
			sourceTree = "<group>";
		};
		EFCFE78846572C7A07F53048 /* Frameworks */ = {
			isa = PBXGroup;
			children = (
				F772A067F0BCE3272D6FED89 /* Pods_Instagram.framework */,
				D91169950D3C7DD7984FD75F /* Pods_Instagram_InstagramUITests.framework */,
				1E3AAC124CF8AAA34CBBAA07 /* Pods_InstagramTests.framework */,
			);
			name = Frameworks;
			sourceTree = "<group>";
		};
/* End PBXGroup section */

/* Begin PBXNativeTarget section */
		CD8829CA286A2FD900646DE5 /* Instagram */ = {
			isa = PBXNativeTarget;
			buildConfigurationList = CD8829FA286A2FDA00646DE5 /* Build configuration list for PBXNativeTarget "Instagram" */;
			buildPhases = (
				243A58D92CF8F32372B328A7 /* [CP] Check Pods Manifest.lock */,
				CD8829C7286A2FD900646DE5 /* Sources */,
				CD8829C8286A2FD900646DE5 /* Frameworks */,
				CD8829C9286A2FD900646DE5 /* Resources */,
				87DC881BF4CF6BAB47F599C4 /* [CP] Embed Pods Frameworks */,
			);
			buildRules = (
			);
			dependencies = (
			);
			name = Instagram;
			productName = Instagram;
			productReference = CD8829CB286A2FD900646DE5 /* Instagram.app */;
			productType = "com.apple.product-type.application";
		};
		CD8829E5286A2FDA00646DE5 /* InstagramTests */ = {
			isa = PBXNativeTarget;
			buildConfigurationList = CD8829FD286A2FDA00646DE5 /* Build configuration list for PBXNativeTarget "InstagramTests" */;
			buildPhases = (
				564C4653D08DEDCE72AE32CD /* [CP] Check Pods Manifest.lock */,
				CD8829E2286A2FDA00646DE5 /* Sources */,
				CD8829E3286A2FDA00646DE5 /* Frameworks */,
				CD8829E4286A2FDA00646DE5 /* Resources */,
			);
			buildRules = (
			);
			dependencies = (
				CD8829E8286A2FDA00646DE5 /* PBXTargetDependency */,
			);
			name = InstagramTests;
			productName = InstagramTests;
			productReference = CD8829E6286A2FDA00646DE5 /* InstagramTests.xctest */;
			productType = "com.apple.product-type.bundle.unit-test";
		};
		CD8829EF286A2FDA00646DE5 /* InstagramUITests */ = {
			isa = PBXNativeTarget;
			buildConfigurationList = CD882A00286A2FDA00646DE5 /* Build configuration list for PBXNativeTarget "InstagramUITests" */;
			buildPhases = (
				6772D70FCE106AC99B74051C /* [CP] Check Pods Manifest.lock */,
				CD8829EC286A2FDA00646DE5 /* Sources */,
				CD8829ED286A2FDA00646DE5 /* Frameworks */,
				CD8829EE286A2FDA00646DE5 /* Resources */,
				6B1C28BDB93F7C2E6FE38622 /* [CP] Embed Pods Frameworks */,
			);
			buildRules = (
			);
			dependencies = (
				CD8829F2286A2FDA00646DE5 /* PBXTargetDependency */,
			);
			name = InstagramUITests;
			productName = InstagramUITests;
			productReference = CD8829F0286A2FDA00646DE5 /* InstagramUITests.xctest */;
			productType = "com.apple.product-type.bundle.ui-testing";
		};
/* End PBXNativeTarget section */

/* Begin PBXProject section */
		CD8829C3286A2FD900646DE5 /* Project object */ = {
			isa = PBXProject;
			attributes = {
				BuildIndependentTargetsInParallel = 1;
				LastUpgradeCheck = 1340;
				TargetAttributes = {
					CD8829CA286A2FD900646DE5 = {
						CreatedOnToolsVersion = 13.4.1;
					};
					CD8829E5286A2FDA00646DE5 = {
						CreatedOnToolsVersion = 13.4.1;
						TestTargetID = CD8829CA286A2FD900646DE5;
					};
					CD8829EF286A2FDA00646DE5 = {
						CreatedOnToolsVersion = 13.4.1;
						TestTargetID = CD8829CA286A2FD900646DE5;
					};
				};
			};
			buildConfigurationList = CD8829C6286A2FD900646DE5 /* Build configuration list for PBXProject "Instagram" */;
			compatibilityVersion = "Xcode 13.0";
			developmentRegion = en;
			hasScannedForEncodings = 0;
			knownRegions = (
				en,
				Base,
			);
			mainGroup = CD8829C2286A2FD900646DE5;
			productRefGroup = CD8829CC286A2FD900646DE5 /* Products */;
			projectDirPath = "";
			projectRoot = "";
			targets = (
				CD8829CA286A2FD900646DE5 /* Instagram */,
				CD8829E5286A2FDA00646DE5 /* InstagramTests */,
				CD8829EF286A2FDA00646DE5 /* InstagramUITests */,
			);
		};
/* End PBXProject section */

/* Begin PBXResourcesBuildPhase section */
		CD8829C9286A2FD900646DE5 /* Resources */ = {
			isa = PBXResourcesBuildPhase;
			buildActionMask = 2147483647;
			files = (
				CD882A06286A475800646DE5 /* Keys.plist in Resources */,
				CD8829DE286A2FD900646DE5 /* LaunchScreen.storyboard in Resources */,
				CD8829DB286A2FD900646DE5 /* Assets.xcassets in Resources */,
				CD8829D9286A2FD900646DE5 /* Main.storyboard in Resources */,
			);
			runOnlyForDeploymentPostprocessing = 0;
		};
		CD8829E4286A2FDA00646DE5 /* Resources */ = {
			isa = PBXResourcesBuildPhase;
			buildActionMask = 2147483647;
			files = (
			);
			runOnlyForDeploymentPostprocessing = 0;
		};
		CD8829EE286A2FDA00646DE5 /* Resources */ = {
			isa = PBXResourcesBuildPhase;
			buildActionMask = 2147483647;
			files = (
			);
			runOnlyForDeploymentPostprocessing = 0;
		};
/* End PBXResourcesBuildPhase section */

/* Begin PBXShellScriptBuildPhase section */
		243A58D92CF8F32372B328A7 /* [CP] Check Pods Manifest.lock */ = {
			isa = PBXShellScriptBuildPhase;
			buildActionMask = 2147483647;
			files = (
			);
			inputFileListPaths = (
			);
			inputPaths = (
				"${PODS_PODFILE_DIR_PATH}/Podfile.lock",
				"${PODS_ROOT}/Manifest.lock",
			);
			name = "[CP] Check Pods Manifest.lock";
			outputFileListPaths = (
			);
			outputPaths = (
				"$(DERIVED_FILE_DIR)/Pods-Instagram-checkManifestLockResult.txt",
			);
			runOnlyForDeploymentPostprocessing = 0;
			shellPath = /bin/sh;
			shellScript = "diff \"${PODS_PODFILE_DIR_PATH}/Podfile.lock\" \"${PODS_ROOT}/Manifest.lock\" > /dev/null\nif [ $? != 0 ] ; then\n    # print error to STDERR\n    echo \"error: The sandbox is not in sync with the Podfile.lock. Run 'pod install' or update your CocoaPods installation.\" >&2\n    exit 1\nfi\n# This output is used by Xcode 'outputs' to avoid re-running this script phase.\necho \"SUCCESS\" > \"${SCRIPT_OUTPUT_FILE_0}\"\n";
			showEnvVarsInLog = 0;
		};
		564C4653D08DEDCE72AE32CD /* [CP] Check Pods Manifest.lock */ = {
			isa = PBXShellScriptBuildPhase;
			buildActionMask = 2147483647;
			files = (
			);
			inputFileListPaths = (
			);
			inputPaths = (
				"${PODS_PODFILE_DIR_PATH}/Podfile.lock",
				"${PODS_ROOT}/Manifest.lock",
			);
			name = "[CP] Check Pods Manifest.lock";
			outputFileListPaths = (
			);
			outputPaths = (
				"$(DERIVED_FILE_DIR)/Pods-InstagramTests-checkManifestLockResult.txt",
			);
			runOnlyForDeploymentPostprocessing = 0;
			shellPath = /bin/sh;
			shellScript = "diff \"${PODS_PODFILE_DIR_PATH}/Podfile.lock\" \"${PODS_ROOT}/Manifest.lock\" > /dev/null\nif [ $? != 0 ] ; then\n    # print error to STDERR\n    echo \"error: The sandbox is not in sync with the Podfile.lock. Run 'pod install' or update your CocoaPods installation.\" >&2\n    exit 1\nfi\n# This output is used by Xcode 'outputs' to avoid re-running this script phase.\necho \"SUCCESS\" > \"${SCRIPT_OUTPUT_FILE_0}\"\n";
			showEnvVarsInLog = 0;
		};
		6772D70FCE106AC99B74051C /* [CP] Check Pods Manifest.lock */ = {
			isa = PBXShellScriptBuildPhase;
			buildActionMask = 2147483647;
			files = (
			);
			inputFileListPaths = (
			);
			inputPaths = (
				"${PODS_PODFILE_DIR_PATH}/Podfile.lock",
				"${PODS_ROOT}/Manifest.lock",
			);
			name = "[CP] Check Pods Manifest.lock";
			outputFileListPaths = (
			);
			outputPaths = (
				"$(DERIVED_FILE_DIR)/Pods-Instagram-InstagramUITests-checkManifestLockResult.txt",
			);
			runOnlyForDeploymentPostprocessing = 0;
			shellPath = /bin/sh;
			shellScript = "diff \"${PODS_PODFILE_DIR_PATH}/Podfile.lock\" \"${PODS_ROOT}/Manifest.lock\" > /dev/null\nif [ $? != 0 ] ; then\n    # print error to STDERR\n    echo \"error: The sandbox is not in sync with the Podfile.lock. Run 'pod install' or update your CocoaPods installation.\" >&2\n    exit 1\nfi\n# This output is used by Xcode 'outputs' to avoid re-running this script phase.\necho \"SUCCESS\" > \"${SCRIPT_OUTPUT_FILE_0}\"\n";
			showEnvVarsInLog = 0;
		};
		6B1C28BDB93F7C2E6FE38622 /* [CP] Embed Pods Frameworks */ = {
			isa = PBXShellScriptBuildPhase;
			buildActionMask = 2147483647;
			files = (
			);
			inputFileListPaths = (
				"${PODS_ROOT}/Target Support Files/Pods-Instagram-InstagramUITests/Pods-Instagram-InstagramUITests-frameworks-${CONFIGURATION}-input-files.xcfilelist",
			);
			name = "[CP] Embed Pods Frameworks";
			outputFileListPaths = (
				"${PODS_ROOT}/Target Support Files/Pods-Instagram-InstagramUITests/Pods-Instagram-InstagramUITests-frameworks-${CONFIGURATION}-output-files.xcfilelist",
			);
			runOnlyForDeploymentPostprocessing = 0;
			shellPath = /bin/sh;
			shellScript = "\"${PODS_ROOT}/Target Support Files/Pods-Instagram-InstagramUITests/Pods-Instagram-InstagramUITests-frameworks.sh\"\n";
			showEnvVarsInLog = 0;
		};
		87DC881BF4CF6BAB47F599C4 /* [CP] Embed Pods Frameworks */ = {
			isa = PBXShellScriptBuildPhase;
			buildActionMask = 2147483647;
			files = (
			);
			inputFileListPaths = (
				"${PODS_ROOT}/Target Support Files/Pods-Instagram/Pods-Instagram-frameworks-${CONFIGURATION}-input-files.xcfilelist",
			);
			name = "[CP] Embed Pods Frameworks";
			outputFileListPaths = (
				"${PODS_ROOT}/Target Support Files/Pods-Instagram/Pods-Instagram-frameworks-${CONFIGURATION}-output-files.xcfilelist",
			);
			runOnlyForDeploymentPostprocessing = 0;
			shellPath = /bin/sh;
			shellScript = "\"${PODS_ROOT}/Target Support Files/Pods-Instagram/Pods-Instagram-frameworks.sh\"\n";
			showEnvVarsInLog = 0;
		};
/* End PBXShellScriptBuildPhase section */

/* Begin PBXSourcesBuildPhase section */
		CD8829C7286A2FD900646DE5 /* Sources */ = {
			isa = PBXSourcesBuildPhase;
			buildActionMask = 2147483647;
			files = (
				CD882A0A286A4B2E00646DE5 /* LoginViewController.m in Sources */,
				CD8829D0286A2FD900646DE5 /* AppDelegate.m in Sources */,
				CD8829E1286A2FD900646DE5 /* main.m in Sources */,
				CDFB5333286A50DA00964714 /* HomeViewController.m in Sources */,
				CDFB533A286A603700964714 /* ComposeViewController.m in Sources */,
				CD8829D3286A2FD900646DE5 /* SceneDelegate.m in Sources */,
				CDFB5337286A5F6800964714 /* PostCell.m in Sources */,
				CDFB533E286A689200964714 /* Post.m in Sources */,
			);
			runOnlyForDeploymentPostprocessing = 0;
		};
		CD8829E2286A2FDA00646DE5 /* Sources */ = {
			isa = PBXSourcesBuildPhase;
			buildActionMask = 2147483647;
			files = (
				CD8829EB286A2FDA00646DE5 /* InstagramTests.m in Sources */,
			);
			runOnlyForDeploymentPostprocessing = 0;
		};
		CD8829EC286A2FDA00646DE5 /* Sources */ = {
			isa = PBXSourcesBuildPhase;
			buildActionMask = 2147483647;
			files = (
				CD8829F5286A2FDA00646DE5 /* InstagramUITests.m in Sources */,
				CD8829F7286A2FDA00646DE5 /* InstagramUITestsLaunchTests.m in Sources */,
			);
			runOnlyForDeploymentPostprocessing = 0;
		};
/* End PBXSourcesBuildPhase section */

/* Begin PBXTargetDependency section */
		CD8829E8286A2FDA00646DE5 /* PBXTargetDependency */ = {
			isa = PBXTargetDependency;
			target = CD8829CA286A2FD900646DE5 /* Instagram */;
			targetProxy = CD8829E7286A2FDA00646DE5 /* PBXContainerItemProxy */;
		};
		CD8829F2286A2FDA00646DE5 /* PBXTargetDependency */ = {
			isa = PBXTargetDependency;
			target = CD8829CA286A2FD900646DE5 /* Instagram */;
			targetProxy = CD8829F1286A2FDA00646DE5 /* PBXContainerItemProxy */;
		};
/* End PBXTargetDependency section */

/* Begin PBXVariantGroup section */
		CD8829D7286A2FD900646DE5 /* Main.storyboard */ = {
			isa = PBXVariantGroup;
			children = (
				CD8829D8286A2FD900646DE5 /* Base */,
			);
			name = Main.storyboard;
			sourceTree = "<group>";
		};
		CD8829DC286A2FD900646DE5 /* LaunchScreen.storyboard */ = {
			isa = PBXVariantGroup;
			children = (
				CD8829DD286A2FD900646DE5 /* Base */,
			);
			name = LaunchScreen.storyboard;
			sourceTree = "<group>";
		};
/* End PBXVariantGroup section */

/* Begin XCBuildConfiguration section */
		CD8829F8286A2FDA00646DE5 /* Debug */ = {
			isa = XCBuildConfiguration;
			buildSettings = {
				ALWAYS_SEARCH_USER_PATHS = NO;
				CLANG_ANALYZER_NONNULL = YES;
				CLANG_ANALYZER_NUMBER_OBJECT_CONVERSION = YES_AGGRESSIVE;
				CLANG_CXX_LANGUAGE_STANDARD = "gnu++17";
				CLANG_ENABLE_MODULES = YES;
				CLANG_ENABLE_OBJC_ARC = YES;
				CLANG_ENABLE_OBJC_WEAK = YES;
				CLANG_WARN_BLOCK_CAPTURE_AUTORELEASING = YES;
				CLANG_WARN_BOOL_CONVERSION = YES;
				CLANG_WARN_COMMA = YES;
				CLANG_WARN_CONSTANT_CONVERSION = YES;
				CLANG_WARN_DEPRECATED_OBJC_IMPLEMENTATIONS = YES;
				CLANG_WARN_DIRECT_OBJC_ISA_USAGE = YES_ERROR;
				CLANG_WARN_DOCUMENTATION_COMMENTS = YES;
				CLANG_WARN_EMPTY_BODY = YES;
				CLANG_WARN_ENUM_CONVERSION = YES;
				CLANG_WARN_INFINITE_RECURSION = YES;
				CLANG_WARN_INT_CONVERSION = YES;
				CLANG_WARN_NON_LITERAL_NULL_CONVERSION = YES;
				CLANG_WARN_OBJC_IMPLICIT_RETAIN_SELF = YES;
				CLANG_WARN_OBJC_LITERAL_CONVERSION = YES;
				CLANG_WARN_OBJC_ROOT_CLASS = YES_ERROR;
				CLANG_WARN_QUOTED_INCLUDE_IN_FRAMEWORK_HEADER = YES;
				CLANG_WARN_RANGE_LOOP_ANALYSIS = YES;
				CLANG_WARN_STRICT_PROTOTYPES = YES;
				CLANG_WARN_SUSPICIOUS_MOVE = YES;
				CLANG_WARN_UNGUARDED_AVAILABILITY = YES_AGGRESSIVE;
				CLANG_WARN_UNREACHABLE_CODE = YES;
				CLANG_WARN__DUPLICATE_METHOD_MATCH = YES;
				COPY_PHASE_STRIP = NO;
				DEBUG_INFORMATION_FORMAT = dwarf;
				ENABLE_STRICT_OBJC_MSGSEND = YES;
				ENABLE_TESTABILITY = YES;
				GCC_C_LANGUAGE_STANDARD = gnu11;
				GCC_DYNAMIC_NO_PIC = NO;
				GCC_NO_COMMON_BLOCKS = YES;
				GCC_OPTIMIZATION_LEVEL = 0;
				GCC_PREPROCESSOR_DEFINITIONS = (
					"DEBUG=1",
					"$(inherited)",
				);
				GCC_WARN_64_TO_32_BIT_CONVERSION = YES;
				GCC_WARN_ABOUT_RETURN_TYPE = YES_ERROR;
				GCC_WARN_UNDECLARED_SELECTOR = YES;
				GCC_WARN_UNINITIALIZED_AUTOS = YES_AGGRESSIVE;
				GCC_WARN_UNUSED_FUNCTION = YES;
				GCC_WARN_UNUSED_VARIABLE = YES;
				IPHONEOS_DEPLOYMENT_TARGET = 15.5;
				MTL_ENABLE_DEBUG_INFO = INCLUDE_SOURCE;
				MTL_FAST_MATH = YES;
				ONLY_ACTIVE_ARCH = YES;
				SDKROOT = iphoneos;
			};
			name = Debug;
		};
		CD8829F9286A2FDA00646DE5 /* Release */ = {
			isa = XCBuildConfiguration;
			buildSettings = {
				ALWAYS_SEARCH_USER_PATHS = NO;
				CLANG_ANALYZER_NONNULL = YES;
				CLANG_ANALYZER_NUMBER_OBJECT_CONVERSION = YES_AGGRESSIVE;
				CLANG_CXX_LANGUAGE_STANDARD = "gnu++17";
				CLANG_ENABLE_MODULES = YES;
				CLANG_ENABLE_OBJC_ARC = YES;
				CLANG_ENABLE_OBJC_WEAK = YES;
				CLANG_WARN_BLOCK_CAPTURE_AUTORELEASING = YES;
				CLANG_WARN_BOOL_CONVERSION = YES;
				CLANG_WARN_COMMA = YES;
				CLANG_WARN_CONSTANT_CONVERSION = YES;
				CLANG_WARN_DEPRECATED_OBJC_IMPLEMENTATIONS = YES;
				CLANG_WARN_DIRECT_OBJC_ISA_USAGE = YES_ERROR;
				CLANG_WARN_DOCUMENTATION_COMMENTS = YES;
				CLANG_WARN_EMPTY_BODY = YES;
				CLANG_WARN_ENUM_CONVERSION = YES;
				CLANG_WARN_INFINITE_RECURSION = YES;
				CLANG_WARN_INT_CONVERSION = YES;
				CLANG_WARN_NON_LITERAL_NULL_CONVERSION = YES;
				CLANG_WARN_OBJC_IMPLICIT_RETAIN_SELF = YES;
				CLANG_WARN_OBJC_LITERAL_CONVERSION = YES;
				CLANG_WARN_OBJC_ROOT_CLASS = YES_ERROR;
				CLANG_WARN_QUOTED_INCLUDE_IN_FRAMEWORK_HEADER = YES;
				CLANG_WARN_RANGE_LOOP_ANALYSIS = YES;
				CLANG_WARN_STRICT_PROTOTYPES = YES;
				CLANG_WARN_SUSPICIOUS_MOVE = YES;
				CLANG_WARN_UNGUARDED_AVAILABILITY = YES_AGGRESSIVE;
				CLANG_WARN_UNREACHABLE_CODE = YES;
				CLANG_WARN__DUPLICATE_METHOD_MATCH = YES;
				COPY_PHASE_STRIP = NO;
				DEBUG_INFORMATION_FORMAT = "dwarf-with-dsym";
				ENABLE_NS_ASSERTIONS = NO;
				ENABLE_STRICT_OBJC_MSGSEND = YES;
				GCC_C_LANGUAGE_STANDARD = gnu11;
				GCC_NO_COMMON_BLOCKS = YES;
				GCC_WARN_64_TO_32_BIT_CONVERSION = YES;
				GCC_WARN_ABOUT_RETURN_TYPE = YES_ERROR;
				GCC_WARN_UNDECLARED_SELECTOR = YES;
				GCC_WARN_UNINITIALIZED_AUTOS = YES_AGGRESSIVE;
				GCC_WARN_UNUSED_FUNCTION = YES;
				GCC_WARN_UNUSED_VARIABLE = YES;
				IPHONEOS_DEPLOYMENT_TARGET = 15.5;
				MTL_ENABLE_DEBUG_INFO = NO;
				MTL_FAST_MATH = YES;
				SDKROOT = iphoneos;
				VALIDATE_PRODUCT = YES;
			};
			name = Release;
		};
		CD8829FB286A2FDA00646DE5 /* Debug */ = {
			isa = XCBuildConfiguration;
			baseConfigurationReference = C4A474605AE25CDBF4758F81 /* Pods-Instagram.debug.xcconfig */;
			buildSettings = {
				ASSETCATALOG_COMPILER_APPICON_NAME = AppIcon;
				ASSETCATALOG_COMPILER_GLOBAL_ACCENT_COLOR_NAME = AccentColor;
				CODE_SIGN_STYLE = Automatic;
				CURRENT_PROJECT_VERSION = 1;
				DEVELOPMENT_TEAM = YUKHUGJ83N;
				GENERATE_INFOPLIST_FILE = YES;
				INFOPLIST_FILE = Instagram/Info.plist;
				INFOPLIST_KEY_UIApplicationSupportsIndirectInputEvents = YES;
				INFOPLIST_KEY_UILaunchStoryboardName = LaunchScreen;
				INFOPLIST_KEY_UIMainStoryboardFile = Main;
				INFOPLIST_KEY_UISupportedInterfaceOrientations_iPad = "UIInterfaceOrientationPortrait UIInterfaceOrientationPortraitUpsideDown UIInterfaceOrientationLandscapeLeft UIInterfaceOrientationLandscapeRight";
				INFOPLIST_KEY_UISupportedInterfaceOrientations_iPhone = "UIInterfaceOrientationPortrait UIInterfaceOrientationLandscapeLeft UIInterfaceOrientationLandscapeRight";
				LD_RUNPATH_SEARCH_PATHS = (
					"$(inherited)",
					"@executable_path/Frameworks",
				);
				MARKETING_VERSION = 1.0;
				PRODUCT_BUNDLE_IDENTIFIER = com.meta.Instagram;
				PRODUCT_NAME = "$(TARGET_NAME)";
				SWIFT_EMIT_LOC_STRINGS = YES;
				TARGETED_DEVICE_FAMILY = "1,2";
			};
			name = Debug;
		};
		CD8829FC286A2FDA00646DE5 /* Release */ = {
			isa = XCBuildConfiguration;
			baseConfigurationReference = 91194FE12591AEA7EF9E7239 /* Pods-Instagram.release.xcconfig */;
			buildSettings = {
				ASSETCATALOG_COMPILER_APPICON_NAME = AppIcon;
				ASSETCATALOG_COMPILER_GLOBAL_ACCENT_COLOR_NAME = AccentColor;
				CODE_SIGN_STYLE = Automatic;
				CURRENT_PROJECT_VERSION = 1;
				DEVELOPMENT_TEAM = YUKHUGJ83N;
				GENERATE_INFOPLIST_FILE = YES;
				INFOPLIST_FILE = Instagram/Info.plist;
				INFOPLIST_KEY_UIApplicationSupportsIndirectInputEvents = YES;
				INFOPLIST_KEY_UILaunchStoryboardName = LaunchScreen;
				INFOPLIST_KEY_UIMainStoryboardFile = Main;
				INFOPLIST_KEY_UISupportedInterfaceOrientations_iPad = "UIInterfaceOrientationPortrait UIInterfaceOrientationPortraitUpsideDown UIInterfaceOrientationLandscapeLeft UIInterfaceOrientationLandscapeRight";
				INFOPLIST_KEY_UISupportedInterfaceOrientations_iPhone = "UIInterfaceOrientationPortrait UIInterfaceOrientationLandscapeLeft UIInterfaceOrientationLandscapeRight";
				LD_RUNPATH_SEARCH_PATHS = (
					"$(inherited)",
					"@executable_path/Frameworks",
				);
				MARKETING_VERSION = 1.0;
				PRODUCT_BUNDLE_IDENTIFIER = com.meta.Instagram;
				PRODUCT_NAME = "$(TARGET_NAME)";
				SWIFT_EMIT_LOC_STRINGS = YES;
				TARGETED_DEVICE_FAMILY = "1,2";
			};
			name = Release;
		};
		CD8829FE286A2FDA00646DE5 /* Debug */ = {
			isa = XCBuildConfiguration;
			baseConfigurationReference = 6F6D3AB69C40B8ECDADAEC6A /* Pods-InstagramTests.debug.xcconfig */;
			buildSettings = {
				BUNDLE_LOADER = "$(TEST_HOST)";
				CODE_SIGN_STYLE = Automatic;
				CURRENT_PROJECT_VERSION = 1;
				DEVELOPMENT_TEAM = YUKHUGJ83N;
				GENERATE_INFOPLIST_FILE = YES;
				IPHONEOS_DEPLOYMENT_TARGET = 15.5;
				MARKETING_VERSION = 1.0;
				PRODUCT_BUNDLE_IDENTIFIER = com.meta.InstagramTests;
				PRODUCT_NAME = "$(TARGET_NAME)";
				SWIFT_EMIT_LOC_STRINGS = NO;
				TARGETED_DEVICE_FAMILY = "1,2";
				TEST_HOST = "$(BUILT_PRODUCTS_DIR)/Instagram.app/Instagram";
			};
			name = Debug;
		};
		CD8829FF286A2FDA00646DE5 /* Release */ = {
			isa = XCBuildConfiguration;
			baseConfigurationReference = AADF05AC92997234A80EAEE5 /* Pods-InstagramTests.release.xcconfig */;
			buildSettings = {
				BUNDLE_LOADER = "$(TEST_HOST)";
				CODE_SIGN_STYLE = Automatic;
				CURRENT_PROJECT_VERSION = 1;
				DEVELOPMENT_TEAM = YUKHUGJ83N;
				GENERATE_INFOPLIST_FILE = YES;
				IPHONEOS_DEPLOYMENT_TARGET = 15.5;
				MARKETING_VERSION = 1.0;
				PRODUCT_BUNDLE_IDENTIFIER = com.meta.InstagramTests;
				PRODUCT_NAME = "$(TARGET_NAME)";
				SWIFT_EMIT_LOC_STRINGS = NO;
				TARGETED_DEVICE_FAMILY = "1,2";
				TEST_HOST = "$(BUILT_PRODUCTS_DIR)/Instagram.app/Instagram";
			};
			name = Release;
		};
		CD882A01286A2FDA00646DE5 /* Debug */ = {
			isa = XCBuildConfiguration;
			baseConfigurationReference = 9CC0655E5B3D2EB6722242DF /* Pods-Instagram-InstagramUITests.debug.xcconfig */;
			buildSettings = {
				CODE_SIGN_STYLE = Automatic;
				CURRENT_PROJECT_VERSION = 1;
				DEVELOPMENT_TEAM = YUKHUGJ83N;
				GENERATE_INFOPLIST_FILE = YES;
				MARKETING_VERSION = 1.0;
				PRODUCT_BUNDLE_IDENTIFIER = com.meta.InstagramUITests;
				PRODUCT_NAME = "$(TARGET_NAME)";
				SWIFT_EMIT_LOC_STRINGS = NO;
				TARGETED_DEVICE_FAMILY = "1,2";
				TEST_TARGET_NAME = Instagram;
			};
			name = Debug;
		};
		CD882A02286A2FDA00646DE5 /* Release */ = {
			isa = XCBuildConfiguration;
			baseConfigurationReference = 5F188090785C15B288DB0C65 /* Pods-Instagram-InstagramUITests.release.xcconfig */;
			buildSettings = {
				CODE_SIGN_STYLE = Automatic;
				CURRENT_PROJECT_VERSION = 1;
				DEVELOPMENT_TEAM = YUKHUGJ83N;
				GENERATE_INFOPLIST_FILE = YES;
				MARKETING_VERSION = 1.0;
				PRODUCT_BUNDLE_IDENTIFIER = com.meta.InstagramUITests;
				PRODUCT_NAME = "$(TARGET_NAME)";
				SWIFT_EMIT_LOC_STRINGS = NO;
				TARGETED_DEVICE_FAMILY = "1,2";
				TEST_TARGET_NAME = Instagram;
			};
			name = Release;
		};
/* End XCBuildConfiguration section */

/* Begin XCConfigurationList section */
		CD8829C6286A2FD900646DE5 /* Build configuration list for PBXProject "Instagram" */ = {
			isa = XCConfigurationList;
			buildConfigurations = (
				CD8829F8286A2FDA00646DE5 /* Debug */,
				CD8829F9286A2FDA00646DE5 /* Release */,
			);
			defaultConfigurationIsVisible = 0;
			defaultConfigurationName = Release;
		};
		CD8829FA286A2FDA00646DE5 /* Build configuration list for PBXNativeTarget "Instagram" */ = {
			isa = XCConfigurationList;
			buildConfigurations = (
				CD8829FB286A2FDA00646DE5 /* Debug */,
				CD8829FC286A2FDA00646DE5 /* Release */,
			);
			defaultConfigurationIsVisible = 0;
			defaultConfigurationName = Release;
		};
		CD8829FD286A2FDA00646DE5 /* Build configuration list for PBXNativeTarget "InstagramTests" */ = {
			isa = XCConfigurationList;
			buildConfigurations = (
				CD8829FE286A2FDA00646DE5 /* Debug */,
				CD8829FF286A2FDA00646DE5 /* Release */,
			);
			defaultConfigurationIsVisible = 0;
			defaultConfigurationName = Release;
		};
		CD882A00286A2FDA00646DE5 /* Build configuration list for PBXNativeTarget "InstagramUITests" */ = {
			isa = XCConfigurationList;
			buildConfigurations = (
				CD882A01286A2FDA00646DE5 /* Debug */,
				CD882A02286A2FDA00646DE5 /* Release */,
			);
			defaultConfigurationIsVisible = 0;
			defaultConfigurationName = Release;
		};
/* End XCConfigurationList section */
	};
	rootObject = CD8829C3286A2FD900646DE5 /* Project object */;
}
